// !$*UTF8*$!
{
	archiveVersion = 1;
	classes = {
	};
	objectVersion = 46;
	objects = {

/* Begin PBXBuildFile section */
		D670A9921D6562EE005D2A3C /* AppDelegate.swift in Sources */ = {isa = PBXBuildFile; fileRef = D670A9911D6562EE005D2A3C /* AppDelegate.swift */; };
		D670A9941D6562EE005D2A3C /* ViewController.swift in Sources */ = {isa = PBXBuildFile; fileRef = D670A9931D6562EE005D2A3C /* ViewController.swift */; };
		D670A9971D6562EE005D2A3C /* Main.storyboard in Resources */ = {isa = PBXBuildFile; fileRef = D670A9951D6562EE005D2A3C /* Main.storyboard */; };
		D670A9991D6562EE005D2A3C /* Assets.xcassets in Resources */ = {isa = PBXBuildFile; fileRef = D670A9981D6562EE005D2A3C /* Assets.xcassets */; };
		D670A99C1D6562EE005D2A3C /* LaunchScreen.storyboard in Resources */ = {isa = PBXBuildFile; fileRef = D670A99A1D6562EE005D2A3C /* LaunchScreen.storyboard */; };
/* End PBXBuildFile section */

/* Begin PBXFileReference section */
		D670A98E1D6562ED005D2A3C /* TestLaneProject.app */ = {isa = PBXFileReference; explicitFileType = wrapper.application; includeInIndex = 0; path = TestLaneProject.app; sourceTree = BUILT_PRODUCTS_DIR; };
		D670A9911D6562EE005D2A3C /* AppDelegate.swift */ = {isa = PBXFileReference; lastKnownFileType = sourcecode.swift; path = AppDelegate.swift; sourceTree = "<group>"; };
		D670A9931D6562EE005D2A3C /* ViewController.swift */ = {isa = PBXFileReference; lastKnownFileType = sourcecode.swift; path = ViewController.swift; sourceTree = "<group>"; };
		D670A9961D6562EE005D2A3C /* Base */ = {isa = PBXFileReference; lastKnownFileType = file.storyboard; name = Base; path = Base.lproj/Main.storyboard; sourceTree = "<group>"; };
		D670A9981D6562EE005D2A3C /* Assets.xcassets */ = {isa = PBXFileReference; lastKnownFileType = folder.assetcatalog; path = Assets.xcassets; sourceTree = "<group>"; };
		D670A99B1D6562EE005D2A3C /* Base */ = {isa = PBXFileReference; lastKnownFileType = file.storyboard; name = Base; path = Base.lproj/LaunchScreen.storyboard; sourceTree = "<group>"; };
		D670A99D1D6562EE005D2A3C /* Info.plist */ = {isa = PBXFileReference; lastKnownFileType = text.plist.xml; path = Info.plist; sourceTree = "<group>"; };
/* End PBXFileReference section */

/* Begin PBXFrameworksBuildPhase section */
		D670A98B1D6562ED005D2A3C /* Frameworks */ = {
			isa = PBXFrameworksBuildPhase;
			buildActionMask = 2147483647;
			files = (
			);
			runOnlyForDeploymentPostprocessing = 0;
		};
/* End PBXFrameworksBuildPhase section */

/* Begin PBXGroup section */
		D670A9851D6562ED005D2A3C = {
			isa = PBXGroup;
			children = (
				D670A9901D6562EE005D2A3C /* TestLaneProject */,
				D670A98F1D6562ED005D2A3C /* Products */,
			);
			sourceTree = "<group>";
		};
		D670A98F1D6562ED005D2A3C /* Products */ = {
			isa = PBXGroup;
			children = (
				D670A98E1D6562ED005D2A3C /* TestLaneProject.app */,
			);
			name = Products;
			sourceTree = "<group>";
		};
		D670A9901D6562EE005D2A3C /* TestLaneProject */ = {
			isa = PBXGroup;
			children = (
				D670A9911D6562EE005D2A3C /* AppDelegate.swift */,
				D670A9931D6562EE005D2A3C /* ViewController.swift */,
				D670A9951D6562EE005D2A3C /* Main.storyboard */,
				D670A9981D6562EE005D2A3C /* Assets.xcassets */,
				D670A99A1D6562EE005D2A3C /* LaunchScreen.storyboard */,
				D670A99D1D6562EE005D2A3C /* Info.plist */,
			);
			path = TestLaneProject;
			sourceTree = "<group>";
		};
/* End PBXGroup section */

/* Begin PBXNativeTarget section */
		D670A98D1D6562ED005D2A3C /* TestLaneProject */ = {
			isa = PBXNativeTarget;
			buildConfigurationList = D670A9A01D6562EE005D2A3C /* Build configuration list for PBXNativeTarget "TestLaneProject" */;
			buildPhases = (
				D670A98A1D6562ED005D2A3C /* Sources */,
				D670A98B1D6562ED005D2A3C /* Frameworks */,
				D670A98C1D6562ED005D2A3C /* Resources */,
			);
			buildRules = (
			);
			dependencies = (
			);
			name = TestLaneProject;
			productName = TestLaneProject;
			productReference = D670A98E1D6562ED005D2A3C /* TestLaneProject.app */;
			productType = "com.apple.product-type.application";
		};
/* End PBXNativeTarget section */

/* Begin PBXProject section */
		D670A9861D6562ED005D2A3C /* Project object */ = {
			isa = PBXProject;
			attributes = {
				LastSwiftUpdateCheck = 0730;
				LastUpgradeCheck = 0730;
				ORGANIZATIONNAME = TigerSpike;
				TargetAttributes = {
					D670A98D1D6562ED005D2A3C = {
						CreatedOnToolsVersion = 7.3;
						DevelopmentTeam = A6LZH3M2NF;
					};
				};
			};
			buildConfigurationList = D670A9891D6562ED005D2A3C /* Build configuration list for PBXProject "TestLaneProject" */;
			compatibilityVersion = "Xcode 3.2";
			developmentRegion = English;
			hasScannedForEncodings = 0;
			knownRegions = (
				en,
				Base,
			);
			mainGroup = D670A9851D6562ED005D2A3C;
			productRefGroup = D670A98F1D6562ED005D2A3C /* Products */;
			projectDirPath = "";
			projectRoot = "";
			targets = (
				D670A98D1D6562ED005D2A3C /* TestLaneProject */,
			);
		};
/* End PBXProject section */

/* Begin PBXResourcesBuildPhase section */
		D670A98C1D6562ED005D2A3C /* Resources */ = {
			isa = PBXResourcesBuildPhase;
			buildActionMask = 2147483647;
			files = (
				D670A99C1D6562EE005D2A3C /* LaunchScreen.storyboard in Resources */,
				D670A9991D6562EE005D2A3C /* Assets.xcassets in Resources */,
				D670A9971D6562EE005D2A3C /* Main.storyboard in Resources */,
			);
			runOnlyForDeploymentPostprocessing = 0;
		};
/* End PBXResourcesBuildPhase section */

/* Begin PBXSourcesBuildPhase section */
		D670A98A1D6562ED005D2A3C /* Sources */ = {
			isa = PBXSourcesBuildPhase;
			buildActionMask = 2147483647;
			files = (
				D670A9941D6562EE005D2A3C /* ViewController.swift in Sources */,
				D670A9921D6562EE005D2A3C /* AppDelegate.swift in Sources */,
			);
			runOnlyForDeploymentPostprocessing = 0;
		};
/* End PBXSourcesBuildPhase section */

/* Begin PBXVariantGroup section */
		D670A9951D6562EE005D2A3C /* Main.storyboard */ = {
			isa = PBXVariantGroup;
			children = (
				D670A9961D6562EE005D2A3C /* Base */,
			);
			name = Main.storyboard;
			sourceTree = "<group>";
		};
		D670A99A1D6562EE005D2A3C /* LaunchScreen.storyboard */ = {
			isa = PBXVariantGroup;
			children = (
				D670A99B1D6562EE005D2A3C /* Base */,
			);
			name = LaunchScreen.storyboard;
			sourceTree = "<group>";
		};
/* End PBXVariantGroup section */

/* Begin XCBuildConfiguration section */
		D670A99E1D6562EE005D2A3C /* Debug */ = {
			isa = XCBuildConfiguration;
			buildSettings = {
				ALWAYS_SEARCH_USER_PATHS = NO;
				CLANG_ANALYZER_NONNULL = YES;
				CLANG_CXX_LANGUAGE_STANDARD = "gnu++0x";
				CLANG_CXX_LIBRARY = "libc++";
				CLANG_ENABLE_MODULES = YES;
				CLANG_ENABLE_OBJC_ARC = YES;
				CLANG_WARN_BOOL_CONVERSION = YES;
				CLANG_WARN_CONSTANT_CONVERSION = YES;
				CLANG_WARN_DIRECT_OBJC_ISA_USAGE = YES_ERROR;
				CLANG_WARN_EMPTY_BODY = YES;
				CLANG_WARN_ENUM_CONVERSION = YES;
				CLANG_WARN_INT_CONVERSION = YES;
				CLANG_WARN_OBJC_ROOT_CLASS = YES_ERROR;
				CLANG_WARN_UNREACHABLE_CODE = YES;
				CLANG_WARN__DUPLICATE_METHOD_MATCH = YES;
				"CODE_SIGN_IDENTITY[sdk=iphoneos*]" = "iPhone Developer";
				COPY_PHASE_STRIP = NO;
				DEBUG_INFORMATION_FORMAT = dwarf;
				ENABLE_STRICT_OBJC_MSGSEND = YES;
				ENABLE_TESTABILITY = YES;
				GCC_C_LANGUAGE_STANDARD = gnu99;
				GCC_DYNAMIC_NO_PIC = NO;
				GCC_NO_COMMON_BLOCKS = YES;
				GCC_OPTIMIZATION_LEVEL = 0;
				GCC_PREPROCESSOR_DEFINITIONS = (
					"DEBUG=1",
					"$(inherited)",
				);
				GCC_WARN_64_TO_32_BIT_CONVERSION = YES;
				GCC_WARN_ABOUT_RETURN_TYPE = YES_ERROR;
				GCC_WARN_UNDECLARED_SELECTOR = YES;
				GCC_WARN_UNINITIALIZED_AUTOS = YES_AGGRESSIVE;
				GCC_WARN_UNUSED_FUNCTION = YES;
				GCC_WARN_UNUSED_VARIABLE = YES;
				IPHONEOS_DEPLOYMENT_TARGET = 9.3;
				MTL_ENABLE_DEBUG_INFO = YES;
				ONLY_ACTIVE_ARCH = YES;
				SDKROOT = iphoneos;
				SWIFT_OPTIMIZATION_LEVEL = "-Onone";
			};
			name = Debug;
		};
		D670A99F1D6562EE005D2A3C /* Release */ = {
			isa = XCBuildConfiguration;
			buildSettings = {
				ALWAYS_SEARCH_USER_PATHS = NO;
				CLANG_ANALYZER_NONNULL = YES;
				CLANG_CXX_LANGUAGE_STANDARD = "gnu++0x";
				CLANG_CXX_LIBRARY = "libc++";
				CLANG_ENABLE_MODULES = YES;
				CLANG_ENABLE_OBJC_ARC = YES;
				CLANG_WARN_BOOL_CONVERSION = YES;
				CLANG_WARN_CONSTANT_CONVERSION = YES;
				CLANG_WARN_DIRECT_OBJC_ISA_USAGE = YES_ERROR;
				CLANG_WARN_EMPTY_BODY = YES;
				CLANG_WARN_ENUM_CONVERSION = YES;
				CLANG_WARN_INT_CONVERSION = YES;
				CLANG_WARN_OBJC_ROOT_CLASS = YES_ERROR;
				CLANG_WARN_UNREACHABLE_CODE = YES;
				CLANG_WARN__DUPLICATE_METHOD_MATCH = YES;
				"CODE_SIGN_IDENTITY[sdk=iphoneos*]" = "iPhone Developer";
				COPY_PHASE_STRIP = NO;
				DEBUG_INFORMATION_FORMAT = "dwarf-with-dsym";
				ENABLE_NS_ASSERTIONS = NO;
				ENABLE_STRICT_OBJC_MSGSEND = YES;
				GCC_C_LANGUAGE_STANDARD = gnu99;
				GCC_NO_COMMON_BLOCKS = YES;
				GCC_WARN_64_TO_32_BIT_CONVERSION = YES;
				GCC_WARN_ABOUT_RETURN_TYPE = YES_ERROR;
				GCC_WARN_UNDECLARED_SELECTOR = YES;
				GCC_WARN_UNINITIALIZED_AUTOS = YES_AGGRESSIVE;
				GCC_WARN_UNUSED_FUNCTION = YES;
				GCC_WARN_UNUSED_VARIABLE = YES;
				IPHONEOS_DEPLOYMENT_TARGET = 9.3;
				MTL_ENABLE_DEBUG_INFO = NO;
				SDKROOT = iphoneos;
				VALIDATE_PRODUCT = YES;
			};
			name = Release;
		};
		D670A9A11D6562EE005D2A3C /* Debug */ = {
			isa = XCBuildConfiguration;
			buildSettings = {
				ASSETCATALOG_COMPILER_APPICON_NAME = AppIcon;
				CODE_SIGN_IDENTITY = "iPhone Distribution: Chethan Samadalae Palaksha (A6LZH3M2NF)";
				INFOPLIST_FILE = TestLaneProject/Info.plist;
				LD_RUNPATH_SEARCH_PATHS = "$(inherited) @executable_path/Frameworks";
				PRODUCT_BUNDLE_IDENTIFIER = com.MyApps.DemoApp;
				PRODUCT_NAME = "$(TARGET_NAME)";
				PROVISIONING_PROFILE = "8152e9a1-60eb-420a-9303-b74098ec8b1b";
			};
			name = Debug;
		};
		D670A9A21D6562EE005D2A3C /* Release */ = {
			isa = XCBuildConfiguration;
			buildSettings = {
				ASSETCATALOG_COMPILER_APPICON_NAME = AppIcon;
				CODE_SIGN_IDENTITY = "iPhone Distribution: Chethan Samadalae Palaksha (A6LZH3M2NF)";
				INFOPLIST_FILE = TestLaneProject/Info.plist;
				LD_RUNPATH_SEARCH_PATHS = "$(inherited) @executable_path/Frameworks";
				PRODUCT_BUNDLE_IDENTIFIER = com.MyApps.DemoApp;
				PRODUCT_NAME = "$(TARGET_NAME)";
				PROVISIONING_PROFILE = "8152e9a1-60eb-420a-9303-b74098ec8b1b";
			};
			name = Release;
		};
/* End XCBuildConfiguration section */

/* Begin XCConfigurationList section */
		D670A9891D6562ED005D2A3C /* Build configuration list for PBXProject "TestLaneProject" */ = {
			isa = XCConfigurationList;
			buildConfigurations = (
				D670A99E1D6562EE005D2A3C /* Debug */,
				D670A99F1D6562EE005D2A3C /* Release */,
			);
			defaultConfigurationIsVisible = 0;
			defaultConfigurationName = Release;
		};
		D670A9A01D6562EE005D2A3C /* Build configuration list for PBXNativeTarget "TestLaneProject" */ = {
			isa = XCConfigurationList;
			buildConfigurations = (
				D670A9A11D6562EE005D2A3C /* Debug */,
				D670A9A21D6562EE005D2A3C /* Release */,
			);
			defaultConfigurationIsVisible = 0;
			defaultConfigurationName = Release;
		};
/* End XCConfigurationList section */
	};
	rootObject = D670A9861D6562ED005D2A3C /* Project object */;
}
